
Microsoft Visual Studio Solution File, Format Version 12.00
# Visual Studio 2013
VisualStudioVersion = 12.0.31101.0
MinimumVisualStudioVersion = 10.0.40219.1
Project("{FAE04EC0-301F-11D3-BF4B-00C04F79EFBC}") = "Kate", "Kate\Kate.csproj", "{B055A38C-E113-49DE-AF38-02B5776C3BF2}"
EndProject
Project("{FAE04EC0-301F-11D3-BF4B-00C04F79EFBC}") = "TopSdk", "TaobaoSDK\TopSdk.csproj", "{9C11CAE5-5188-4E71-825B-68FC3135728A}"
EndProject
Project("{FAE04EC0-301F-11D3-BF4B-00C04F79EFBC}") = "Kate.UI", "Kate.UI\Kate.UI.csproj", "{F04600E0-7820-4861-BBCD-F6D51F3156FC}"
EndProject
Global
	GlobalSection(SolutionConfigurationPlatforms) = preSolution
		Debug|Any CPU = Debug|Any CPU
		Release|Any CPU = Release|Any CPU
	EndGlobalSection
	GlobalSection(ProjectConfigurationPlatforms) = postSolution
		{B055A38C-E113-49DE-AF38-02B5776C3BF2}.Debug|Any CPU.ActiveCfg = Debug|Any CPU
		{B055A38C-E113-49DE-AF38-02B5776C3BF2}.Debug|Any CPU.Build.0 = Debug|Any CPU
		{B055A38C-E113-49DE-AF38-02B5776C3BF2}.Release|Any CPU.ActiveCfg = Release|Any CPU
		{B055A38C-E113-49DE-AF38-02B5776C3BF2}.Release|Any CPU.Build.0 = Release|Any CPU
		{9C11CAE5-5188-4E71-825B-68FC3135728A}.Debug|Any CPU.ActiveCfg = Debug|Any CPU
		{9C11CAE5-5188-4E71-825B-68FC3135728A}.Debug|Any CPU.Build.0 = Debug|Any CPU
		{9C11CAE5-5188-4E71-825B-68FC3135728A}.Release|Any CPU.ActiveCfg = Release|Any CPU
		{9C11CAE5-5188-4E71-825B-68FC3135728A}.Release|Any CPU.Build.0 = Release|Any CPU
		{F04600E0-7820-4861-BBCD-F6D51F3156FC}.Debug|Any CPU.ActiveCfg = Debug|Any CPU
		{F04600E0-7820-4861-BBCD-F6D51F3156FC}.Debug|Any CPU.Build.0 = Debug|Any CPU
		{F04600E0-7820-4861-BBCD-F6D51F3156FC}.Release|Any CPU.ActiveCfg = Release|Any CPU
		{F04600E0-7820-4861-BBCD-F6D51F3156FC}.Release|Any CPU.Build.0 = Release|Any CPU
	EndGlobalSection
	GlobalSection(SolutionProperties) = preSolution
		HideSolutionNode = FALSE
	EndGlobalSection
EndGlobal
